
Microsoft Visual Studio Solution File, Format Version 12.00
# Visual Studio 14
VisualStudioVersion = 14.0.25420.1
MinimumVisualStudioVersion = 10.0.40219.1
Project("{FAE04EC0-301F-11D3-BF4B-00C04F79EFBC}") = "CrudAjax", "CrudAjax\CrudAjax.csproj", "{983AF3DD-8715-4F4D-9341-E2EB5C6A77B8}"
EndProject
Global
	GlobalSection(SolutionConfigurationPlatforms) = preSolution
		Debug|Any CPU = Debug|Any CPU
		Release|Any CPU = Release|Any CPU
	EndGlobalSection
	GlobalSection(ProjectConfigurationPlatforms) = postSolution
		{983AF3DD-8715-4F4D-9341-E2EB5C6A77B8}.Debug|Any CPU.ActiveCfg = Debug|Any CPU
		{983AF3DD-8715-4F4D-9341-E2EB5C6A77B8}.Debug|Any CPU.Build.0 = Debug|Any CPU
		{983AF3DD-8715-4F4D-9341-E2EB5C6A77B8}.Release|Any CPU.ActiveCfg = Release|Any CPU
		{983AF3DD-8715-4F4D-9341-E2EB5C6A77B8}.Release|Any CPU.Build.0 = Release|Any CPU
	EndGlobalSection
	GlobalSection(SolutionProperties) = preSolution
		HideSolutionNode = FALSE
	EndGlobalSection
EndGlobal
